
Microsoft Visual Studio Solution File, Format Version 12.00
# Visual Studio Version 17
VisualStudioVersion = 17.0.31903.59
MinimumVisualStudioVersion = 10.0.40219.1
Project("{2150E333-8FDC-42A3-9474-1A3956D46DE8}") = "EtoTextDrawable", "EtoTextDrawable", "{1F9C7E0C-352B-4F70-AEC4-D278D17A3620}"
EndProject
Project("{FAE04EC0-301F-11D3-BF4B-00C04F79EFBC}") = "EtoTextDrawable", "EtoTextDrawable\EtoTextDrawable\EtoTextDrawable.csproj", "{C38CF4F1-B2F3-416C-BD83-90FD21536A84}"
EndProject
Project("{FAE04EC0-301F-11D3-BF4B-00C04F79EFBC}") = "EtoTextDrawable.Gtk", "EtoTextDrawable\EtoTextDrawable.Gtk\EtoTextDrawable.Gtk.csproj", "{6FF150C6-BACF-4244-A471-ED17D2D7E645}"
EndProject
Project("{FAE04EC0-301F-11D3-BF4B-00C04F79EFBC}") = "EtoTextDrawable.Mac", "EtoTextDrawable\EtoTextDrawable.Mac\EtoTextDrawable.Mac.csproj", "{1920D562-659E-4908-A267-F9A6DA5478E9}"
EndProject
Project("{FAE04EC0-301F-11D3-BF4B-00C04F79EFBC}") = "EtoTextDrawable.Wpf", "EtoTextDrawable\EtoTextDrawable.Wpf\EtoTextDrawable.Wpf.csproj", "{AB1671B4-CF3F-4B41-B328-51D8B13B2C7B}"
EndProject
Global
	GlobalSection(SolutionConfigurationPlatforms) = preSolution
		Debug|Any CPU = Debug|Any CPU
		Release|Any CPU = Release|Any CPU
	EndGlobalSection
	GlobalSection(SolutionProperties) = preSolution
		HideSolutionNode = FALSE
	EndGlobalSection
	GlobalSection(ProjectConfigurationPlatforms) = postSolution
		{C38CF4F1-B2F3-416C-BD83-90FD21536A84}.Debug|Any CPU.ActiveCfg = Debug|Any CPU
		{C38CF4F1-B2F3-416C-BD83-90FD21536A84}.Debug|Any CPU.Build.0 = Debug|Any CPU
		{C38CF4F1-B2F3-416C-BD83-90FD21536A84}.Release|Any CPU.ActiveCfg = Release|Any CPU
		{C38CF4F1-B2F3-416C-BD83-90FD21536A84}.Release|Any CPU.Build.0 = Release|Any CPU
		{6FF150C6-BACF-4244-A471-ED17D2D7E645}.Debug|Any CPU.ActiveCfg = Debug|Any CPU
		{6FF150C6-BACF-4244-A471-ED17D2D7E645}.Debug|Any CPU.Build.0 = Debug|Any CPU
		{6FF150C6-BACF-4244-A471-ED17D2D7E645}.Release|Any CPU.ActiveCfg = Release|Any CPU
		{6FF150C6-BACF-4244-A471-ED17D2D7E645}.Release|Any CPU.Build.0 = Release|Any CPU
		{1920D562-659E-4908-A267-F9A6DA5478E9}.Debug|Any CPU.ActiveCfg = Debug|Any CPU
		{1920D562-659E-4908-A267-F9A6DA5478E9}.Debug|Any CPU.Build.0 = Debug|Any CPU
		{1920D562-659E-4908-A267-F9A6DA5478E9}.Release|Any CPU.ActiveCfg = Release|Any CPU
		{1920D562-659E-4908-A267-F9A6DA5478E9}.Release|Any CPU.Build.0 = Release|Any CPU
		{AB1671B4-CF3F-4B41-B328-51D8B13B2C7B}.Debug|Any CPU.ActiveCfg = Debug|Any CPU
		{AB1671B4-CF3F-4B41-B328-51D8B13B2C7B}.Debug|Any CPU.Build.0 = Debug|Any CPU
		{AB1671B4-CF3F-4B41-B328-51D8B13B2C7B}.Release|Any CPU.ActiveCfg = Release|Any CPU
		{AB1671B4-CF3F-4B41-B328-51D8B13B2C7B}.Release|Any CPU.Build.0 = Release|Any CPU
	EndGlobalSection
	GlobalSection(NestedProjects) = preSolution
		{C38CF4F1-B2F3-416C-BD83-90FD21536A84} = {1F9C7E0C-352B-4F70-AEC4-D278D17A3620}
		{6FF150C6-BACF-4244-A471-ED17D2D7E645} = {1F9C7E0C-352B-4F70-AEC4-D278D17A3620}
		{1920D562-659E-4908-A267-F9A6DA5478E9} = {1F9C7E0C-352B-4F70-AEC4-D278D17A3620}
		{AB1671B4-CF3F-4B41-B328-51D8B13B2C7B} = {1F9C7E0C-352B-4F70-AEC4-D278D17A3620}
	EndGlobalSection
EndGlobal
